
Microsoft Visual Studio Solution File, Format Version 12.00
# Visual Studio 15
VisualStudioVersion = 15.0.27004.2008
MinimumVisualStudioVersion = 10.0.40219.1
Project("{2150E333-8FDC-42A3-9474-1A3956D46DE8}") = "Solution Items", "Solution Items", "{5705B048-D74A-4451-8FB4-4C35B54C0D14}"
	ProjectSection(SolutionItems) = preProject
		Achievements.txt = Achievements.txt
	EndProjectSection
EndProject
Project("{D954291E-2A0B-460D-934E-DC6B0785DB48}") = "Languages", "Languages\Languages.shproj", "{594FDC40-26DC-4EDD-9C16-C79B3AD35E9D}"
EndProject
Project("{FAE04EC0-301F-11D3-BF4B-00C04F79EFBC}") = "WerewolfControl", "Werewolf Control\WerewolfControl.csproj", "{F2D299CD-68DB-4A67-B786-C486A4BCCEFC}"
EndProject
Project("{FAE04EC0-301F-11D3-BF4B-00C04F79EFBC}") = "WerewolfNode", "Werewolf Node\WerewolfNode.csproj", "{07443B36-6D32-4333-A857-C0CF906096FA}"
EndProject
Project("{FAE04EC0-301F-11D3-BF4B-00C04F79EFBC}") = "TcpFramework", "TcpFramework\TcpFramework.csproj", "{ACB86D9A-837C-4BB6-83FA-99FE4DC7D3E4}"
EndProject
Project("{FAE04EC0-301F-11D3-BF4B-00C04F79EFBC}") = "Database", "Database\Database.csproj", "{A5E58EAB-3171-4859-8FD5-D61E78CBDC93}"
EndProject
Project("{FAE04EC0-301F-11D3-BF4B-00C04F79EFBC}") = "Updater", "Updater\Updater.csproj", "{D6EDCF71-9D15-4C6F-A731-D5C11A53917E}"
EndProject
Project("{FAE04EC0-301F-11D3-BF4B-00C04F79EFBC}") = "StatsRotation", "StatsRotation\StatsRotation.csproj", "{B260641A-7824-4BC9-98AC-93D89FF33951}"
EndProject
Project("{FAE04EC0-301F-11D3-BF4B-00C04F79EFBC}") = "WerewolfWebsite", "Werewolf Website\WerewolfWebsite.csproj", "{129567E4-825A-4E99-8358-C3DD10DA3579}"
EndProject
Project("{FAE04EC0-301F-11D3-BF4B-00C04F79EFBC}") = "BuildAutomation", "BuildAutomation\BuildAutomation.csproj", "{E3F0FB8B-27F1-4FDE-BCC5-9E8D731CF9A5}"
EndProject
Project("{FAE04EC0-301F-11D3-BF4B-00C04F79EFBC}") = "Bot Watcher", "Bot Watcher\Bot Watcher.csproj", "{F1C275FB-A46D-491B-9D88-4A954F079B8E}"
EndProject
Project("{FAE04EC0-301F-11D3-BF4B-00C04F79EFBC}") = "ClearUpdates", "ClearUpdates\ClearUpdates.csproj", "{803430A7-CF3C-49A2-B36F-767E82C27F6E}"
EndProject
Project("{FAE04EC0-301F-11D3-BF4B-00C04F79EFBC}") = "Telegram.Bot", "Telegram.Bot\Telegram.Bot.csproj", "{5436A4DF-7B54-41D3-855F-AD3F516AE377}"
EndProject
Global
	GlobalSection(SharedMSBuildProjectFiles) = preSolution
		Languages\Languages.projitems*{594fdc40-26dc-4edd-9c16-c79b3ad35e9d}*SharedItemsImports = 13
		Languages\Languages.projitems*{f2d299cd-68db-4a67-b786-c486a4bccefc}*SharedItemsImports = 4
	EndGlobalSection
	GlobalSection(SolutionConfigurationPlatforms) = preSolution
		Beta|Any CPU = Beta|Any CPU
		Debug|Any CPU = Debug|Any CPU
		Release 2|Any CPU = Release 2|Any CPU
		Release|Any CPU = Release|Any CPU
	EndGlobalSection
	GlobalSection(ProjectConfigurationPlatforms) = postSolution
		{F2D299CD-68DB-4A67-B786-C486A4BCCEFC}.Beta|Any CPU.ActiveCfg = Beta|Any CPU
		{F2D299CD-68DB-4A67-B786-C486A4BCCEFC}.Beta|Any CPU.Build.0 = Beta|Any CPU
		{F2D299CD-68DB-4A67-B786-C486A4BCCEFC}.Debug|Any CPU.ActiveCfg = Debug|Any CPU
		{F2D299CD-68DB-4A67-B786-C486A4BCCEFC}.Debug|Any CPU.Build.0 = Debug|Any CPU
		{F2D299CD-68DB-4A67-B786-C486A4BCCEFC}.Release 2|Any CPU.ActiveCfg = Release 2|Any CPU
		{F2D299CD-68DB-4A67-B786-C486A4BCCEFC}.Release 2|Any CPU.Build.0 = Release 2|Any CPU
		{F2D299CD-68DB-4A67-B786-C486A4BCCEFC}.Release|Any CPU.ActiveCfg = Release|Any CPU
		{F2D299CD-68DB-4A67-B786-C486A4BCCEFC}.Release|Any CPU.Build.0 = Release|Any CPU
		{07443B36-6D32-4333-A857-C0CF906096FA}.Beta|Any CPU.ActiveCfg = Beta|Any CPU
		{07443B36-6D32-4333-A857-C0CF906096FA}.Beta|Any CPU.Build.0 = Beta|Any CPU
		{07443B36-6D32-4333-A857-C0CF906096FA}.Debug|Any CPU.ActiveCfg = Debug|Any CPU
		{07443B36-6D32-4333-A857-C0CF906096FA}.Debug|Any CPU.Build.0 = Debug|Any CPU
		{07443B36-6D32-4333-A857-C0CF906096FA}.Release 2|Any CPU.ActiveCfg = Release 2|Any CPU
		{07443B36-6D32-4333-A857-C0CF906096FA}.Release 2|Any CPU.Build.0 = Release 2|Any CPU
		{07443B36-6D32-4333-A857-C0CF906096FA}.Release|Any CPU.ActiveCfg = Release|Any CPU
		{07443B36-6D32-4333-A857-C0CF906096FA}.Release|Any CPU.Build.0 = Release|Any CPU
		{ACB86D9A-837C-4BB6-83FA-99FE4DC7D3E4}.Beta|Any CPU.ActiveCfg = Beta|Any CPU
		{ACB86D9A-837C-4BB6-83FA-99FE4DC7D3E4}.Beta|Any CPU.Build.0 = Beta|Any CPU
		{ACB86D9A-837C-4BB6-83FA-99FE4DC7D3E4}.Debug|Any CPU.ActiveCfg = Debug|Any CPU
		{ACB86D9A-837C-4BB6-83FA-99FE4DC7D3E4}.Debug|Any CPU.Build.0 = Debug|Any CPU
		{ACB86D9A-837C-4BB6-83FA-99FE4DC7D3E4}.Release 2|Any CPU.ActiveCfg = Release 2|Any CPU
		{ACB86D9A-837C-4BB6-83FA-99FE4DC7D3E4}.Release 2|Any CPU.Build.0 = Release 2|Any CPU
		{ACB86D9A-837C-4BB6-83FA-99FE4DC7D3E4}.Release|Any CPU.ActiveCfg = Release|Any CPU
		{ACB86D9A-837C-4BB6-83FA-99FE4DC7D3E4}.Release|Any CPU.Build.0 = Release|Any CPU
		{A5E58EAB-3171-4859-8FD5-D61E78CBDC93}.Beta|Any CPU.ActiveCfg = Beta|Any CPU
		{A5E58EAB-3171-4859-8FD5-D61E78CBDC93}.Beta|Any CPU.Build.0 = Beta|Any CPU
		{A5E58EAB-3171-4859-8FD5-D61E78CBDC93}.Debug|Any CPU.ActiveCfg = Debug|Any CPU
		{A5E58EAB-3171-4859-8FD5-D61E78CBDC93}.Debug|Any CPU.Build.0 = Debug|Any CPU
		{A5E58EAB-3171-4859-8FD5-D61E78CBDC93}.Release 2|Any CPU.ActiveCfg = Release 2|Any CPU
		{A5E58EAB-3171-4859-8FD5-D61E78CBDC93}.Release 2|Any CPU.Build.0 = Release 2|Any CPU
		{A5E58EAB-3171-4859-8FD5-D61E78CBDC93}.Release|Any CPU.ActiveCfg = Release|Any CPU
		{A5E58EAB-3171-4859-8FD5-D61E78CBDC93}.Release|Any CPU.Build.0 = Release|Any CPU
		{D6EDCF71-9D15-4C6F-A731-D5C11A53917E}.Beta|Any CPU.ActiveCfg = Beta|Any CPU
		{D6EDCF71-9D15-4C6F-A731-D5C11A53917E}.Beta|Any CPU.Build.0 = Beta|Any CPU
		{D6EDCF71-9D15-4C6F-A731-D5C11A53917E}.Debug|Any CPU.ActiveCfg = Debug|Any CPU
		{D6EDCF71-9D15-4C6F-A731-D5C11A53917E}.Debug|Any CPU.Build.0 = Debug|Any CPU
		{D6EDCF71-9D15-4C6F-A731-D5C11A53917E}.Release 2|Any CPU.ActiveCfg = Release 2|Any CPU
		{D6EDCF71-9D15-4C6F-A731-D5C11A53917E}.Release 2|Any CPU.Build.0 = Release 2|Any CPU
		{D6EDCF71-9D15-4C6F-A731-D5C11A53917E}.Release|Any CPU.ActiveCfg = Release|Any CPU
		{D6EDCF71-9D15-4C6F-A731-D5C11A53917E}.Release|Any CPU.Build.0 = Release|Any CPU
		{B260641A-7824-4BC9-98AC-93D89FF33951}.Beta|Any CPU.ActiveCfg = Beta|Any CPU
		{B260641A-7824-4BC9-98AC-93D89FF33951}.Beta|Any CPU.Build.0 = Beta|Any CPU
		{B260641A-7824-4BC9-98AC-93D89FF33951}.Debug|Any CPU.ActiveCfg = Debug|Any CPU
		{B260641A-7824-4BC9-98AC-93D89FF33951}.Debug|Any CPU.Build.0 = Debug|Any CPU
		{B260641A-7824-4BC9-98AC-93D89FF33951}.Release 2|Any CPU.ActiveCfg = Release 2|Any CPU
		{B260641A-7824-4BC9-98AC-93D89FF33951}.Release 2|Any CPU.Build.0 = Release 2|Any CPU
		{B260641A-7824-4BC9-98AC-93D89FF33951}.Release|Any CPU.ActiveCfg = Release|Any CPU
		{B260641A-7824-4BC9-98AC-93D89FF33951}.Release|Any CPU.Build.0 = Release|Any CPU
		{129567E4-825A-4E99-8358-C3DD10DA3579}.Beta|Any CPU.ActiveCfg = Release|Any CPU
		{129567E4-825A-4E99-8358-C3DD10DA3579}.Beta|Any CPU.Build.0 = Release|Any CPU
		{129567E4-825A-4E99-8358-C3DD10DA3579}.Debug|Any CPU.ActiveCfg = Debug|Any CPU
		{129567E4-825A-4E99-8358-C3DD10DA3579}.Debug|Any CPU.Build.0 = Debug|Any CPU
		{129567E4-825A-4E99-8358-C3DD10DA3579}.Release 2|Any CPU.ActiveCfg = Release|Any CPU
		{129567E4-825A-4E99-8358-C3DD10DA3579}.Release 2|Any CPU.Build.0 = Release|Any CPU
		{129567E4-825A-4E99-8358-C3DD10DA3579}.Release|Any CPU.ActiveCfg = Release|Any CPU
		{129567E4-825A-4E99-8358-C3DD10DA3579}.Release|Any CPU.Build.0 = Release|Any CPU
		{E3F0FB8B-27F1-4FDE-BCC5-9E8D731CF9A5}.Beta|Any CPU.ActiveCfg = Release|Any CPU
		{E3F0FB8B-27F1-4FDE-BCC5-9E8D731CF9A5}.Beta|Any CPU.Build.0 = Release|Any CPU
		{E3F0FB8B-27F1-4FDE-BCC5-9E8D731CF9A5}.Debug|Any CPU.ActiveCfg = Debug|Any CPU
		{E3F0FB8B-27F1-4FDE-BCC5-9E8D731CF9A5}.Debug|Any CPU.Build.0 = Debug|Any CPU
		{E3F0FB8B-27F1-4FDE-BCC5-9E8D731CF9A5}.Release 2|Any CPU.ActiveCfg = Release|Any CPU
		{E3F0FB8B-27F1-4FDE-BCC5-9E8D731CF9A5}.Release 2|Any CPU.Build.0 = Release|Any CPU
		{E3F0FB8B-27F1-4FDE-BCC5-9E8D731CF9A5}.Release|Any CPU.ActiveCfg = Release|Any CPU
		{E3F0FB8B-27F1-4FDE-BCC5-9E8D731CF9A5}.Release|Any CPU.Build.0 = Release|Any CPU
		{F1C275FB-A46D-491B-9D88-4A954F079B8E}.Beta|Any CPU.ActiveCfg = Release|Any CPU
		{F1C275FB-A46D-491B-9D88-4A954F079B8E}.Beta|Any CPU.Build.0 = Release|Any CPU
		{F1C275FB-A46D-491B-9D88-4A954F079B8E}.Debug|Any CPU.ActiveCfg = Debug|Any CPU
		{F1C275FB-A46D-491B-9D88-4A954F079B8E}.Debug|Any CPU.Build.0 = Debug|Any CPU
		{F1C275FB-A46D-491B-9D88-4A954F079B8E}.Release 2|Any CPU.ActiveCfg = Release|Any CPU
		{F1C275FB-A46D-491B-9D88-4A954F079B8E}.Release 2|Any CPU.Build.0 = Release|Any CPU
		{F1C275FB-A46D-491B-9D88-4A954F079B8E}.Release|Any CPU.ActiveCfg = Release|Any CPU
		{F1C275FB-A46D-491B-9D88-4A954F079B8E}.Release|Any CPU.Build.0 = Release|Any CPU
		{803430A7-CF3C-49A2-B36F-767E82C27F6E}.Beta|Any CPU.ActiveCfg = Release|Any CPU
		{803430A7-CF3C-49A2-B36F-767E82C27F6E}.Beta|Any CPU.Build.0 = Release|Any CPU
		{803430A7-CF3C-49A2-B36F-767E82C27F6E}.Debug|Any CPU.ActiveCfg = Debug|Any CPU
		{803430A7-CF3C-49A2-B36F-767E82C27F6E}.Debug|Any CPU.Build.0 = Debug|Any CPU
		{803430A7-CF3C-49A2-B36F-767E82C27F6E}.Release 2|Any CPU.ActiveCfg = Release|Any CPU
		{803430A7-CF3C-49A2-B36F-767E82C27F6E}.Release 2|Any CPU.Build.0 = Release|Any CPU
		{803430A7-CF3C-49A2-B36F-767E82C27F6E}.Release|Any CPU.ActiveCfg = Release|Any CPU
		{803430A7-CF3C-49A2-B36F-767E82C27F6E}.Release|Any CPU.Build.0 = Release|Any CPU
		{5436A4DF-7B54-41D3-855F-AD3F516AE377}.Beta|Any CPU.ActiveCfg = Beta|Any CPU
		{5436A4DF-7B54-41D3-855F-AD3F516AE377}.Beta|Any CPU.Build.0 = Beta|Any CPU
		{5436A4DF-7B54-41D3-855F-AD3F516AE377}.Debug|Any CPU.ActiveCfg = Debug|Any CPU
		{5436A4DF-7B54-41D3-855F-AD3F516AE377}.Debug|Any CPU.Build.0 = Debug|Any CPU
		{5436A4DF-7B54-41D3-855F-AD3F516AE377}.Release 2|Any CPU.ActiveCfg = Release|Any CPU
		{5436A4DF-7B54-41D3-855F-AD3F516AE377}.Release 2|Any CPU.Build.0 = Release|Any CPU
		{5436A4DF-7B54-41D3-855F-AD3F516AE377}.Release|Any CPU.ActiveCfg = Release|Any CPU
		{5436A4DF-7B54-41D3-855F-AD3F516AE377}.Release|Any CPU.Build.0 = Release|Any CPU
	EndGlobalSection
	GlobalSection(SolutionProperties) = preSolution
		HideSolutionNode = FALSE
	EndGlobalSection
	GlobalSection(ExtensibilityGlobals) = postSolution
		SolutionGuid = {EE23D14F-8D3C-4ED8-840F-629B673F0544}
	EndGlobalSection
EndGlobal
